# This file is autogenerated, do not edit; changes may be undone by the next 'dep ensure'.


[[projects]]
  name = "github.com/elazarl/go-bindata-assetfs"
  packages = ["."]
  revision = "9a6736ed45b44bf3835afeebb3034b57ed329f3e"

[[projects]]
  branch = "master"
  name = "github.com/ericaro/frontmatter"
  packages = ["."]
  revision = "9fedef9406e420da012d078cd83645bbac08f291"

[[projects]]
  name = "github.com/jawher/mow.cli"
  packages = ["."]
  revision = "0de3d3b4ed00f261460d12ecde4efa90fbfcd8ed"

[[projects]]
  name = "github.com/russross/blackfriday"
  packages = ["."]
  revision = "0b647d0506a698cca42caca173e55559b12a69f2"
  version = "v1.4"

[[projects]]
  name = "github.com/shurcooL/sanitized_anchor_name"
  packages = ["."]
  revision = "1dba4b3954bc059efc3991ec364f9f9a35f597d2"

[[projects]]
  name = "gopkg.in/yaml.v2"
  packages = ["."]
  revision = "a5b47d31c556af34a302ce5d659e6fea44d90de0"

[solve-meta]
  analyzer-name = "dep"
  analyzer-version = 1
  inputs-digest = "03205991c931a67e771dd4cfbd349a43a2d4fdb496bd750a64121f953837060c"
  solver-name = "gps-cdcl"
  solver-version = 1
