# This file is autogenerated, do not edit; changes may be undone by the next 'dep ensure'.


[[projects]]
  branch = "master"
  name = "github.com/elazarl/go-bindata-assetfs"
  packages = ["."]
  revision = "30f82fa23fd844bd5bb1e5f216db87fd77b5eb43"

[[projects]]
  branch = "master"
  name = "github.com/ericaro/frontmatter"
  packages = ["."]
  revision = "9fedef9406e420da012d078cd83645bbac08f291"

[[projects]]
  name = "github.com/jawher/mow.cli"
  packages = ["."]
  revision = "89bd73e5017374498afb615659500c3559ff42b3"
  version = "v1.0.2"

[[projects]]
  name = "github.com/russross/blackfriday"
  packages = ["."]
  revision = "4048872b16cc0fc2c5fd9eacf0ed2c2fedaa0c8c"
  version = "v1.5"

[[projects]]
  branch = "v2"
  name = "gopkg.in/yaml.v2"
  packages = ["."]
  revision = "eb3733d160e74a9c7e442f435eb3bea458e1d19f"

[solve-meta]
  analyzer-name = "dep"
  analyzer-version = 1
  inputs-digest = "03205991c931a67e771dd4cfbd349a43a2d4fdb496bd750a64121f953837060c"
  solver-name = "gps-cdcl"
  solver-version = 1
